
Microsoft Visual Studio Solution File, Format Version 12.00
# Visual Studio Version 17
VisualStudioVersion = 17.11.35431.28
MinimumVisualStudioVersion = 10.0.40219.1
Project("{FAE04EC0-301F-11D3-BF4B-00C04F79EFBC}") = "Constructor_Console", "Constructor_Console\Constructor_Console.csproj", "{23BAEC0A-F48B-4373-B105-2E3147A4A208}"
EndProject
Global
	GlobalSection(SolutionConfigurationPlatforms) = preSolution
		Debug|Any CPU = Debug|Any CPU
		Release|Any CPU = Release|Any CPU
	EndGlobalSection
	GlobalSection(ProjectConfigurationPlatforms) = postSolution
		{23BAEC0A-F48B-4373-B105-2E3147A4A208}.Debug|Any CPU.ActiveCfg = Debug|Any CPU
		{23BAEC0A-F48B-4373-B105-2E3147A4A208}.Debug|Any CPU.Build.0 = Debug|Any CPU
		{23BAEC0A-F48B-4373-B105-2E3147A4A208}.Release|Any CPU.ActiveCfg = Release|Any CPU
		{23BAEC0A-F48B-4373-B105-2E3147A4A208}.Release|Any CPU.Build.0 = Release|Any CPU
	EndGlobalSection
	GlobalSection(SolutionProperties) = preSolution
		HideSolutionNode = FALSE
	EndGlobalSection
	GlobalSection(ExtensibilityGlobals) = postSolution
		SolutionGuid = {DE4C3E47-A719-4357-9F11-6B56D0D9C246}
	EndGlobalSection
EndGlobal
